{
  "nodes": {
    "home-manager": {
      "inputs": {
        "nixpkgs": [
          "nixpkgs"
        ]
      },
      "locked": {
        "lastModified": 1704498488,
        "narHash": "sha256-yINKdShHrtjdiJhov+q0s3Y3B830ujRoSbHduUNyKag=",
        "owner": "nix-community",
        "repo": "home-manager",
        "rev": "51e44a13acea71b36245e8bd8c7db53e0a3e61ee",
        "type": "github"
      },
      "original": {
        "owner": "nix-community",
        "repo": "home-manager",
        "type": "github"
      }
    },
    "nixpkgs": {
      "locked": {
        "lastModified": 1704621329,
        "narHash": "sha256-JR/wMufh+jml8PNJMJJxsqNMXF11F3aE1R67f6MG1Yw=",
        "owner": "nixos",
        "repo": "nixpkgs",
        "rev": "9ff61712cb18bcd0ca1f1ec1b8cb1a75ad634263",
        "type": "github"
      },
      "original": {
        "owner": "nixos",
        "repo": "nixpkgs",
        "type": "github"
      }
    },
    "nixpkgs-unstable": {
      "locked": {
        "lastModified": 1686501370,
        "narHash": "sha256-G0WuM9fqTPRc2URKP9Lgi5nhZMqsfHGrdEbrLvAPJcg=",
        "owner": "nixos",
        "repo": "nixpkgs",
        "rev": "75a5ebf473cd60148ba9aec0d219f72e5cf52519",
        "type": "github"
      },
      "original": {
        "owner": "nixos",
        "ref": "nixos-unstable",
        "repo": "nixpkgs",
        "type": "github"
      }
    },
    "root": {
      "inputs": {
        "home-manager": "home-manager",
        "nixpkgs": "nixpkgs",
        "nixpkgs-unstable": "nixpkgs-unstable"
      }
    }
  },
  "root": "root",
  "version": 7
}
